Microsoft Visual Studio Solution File, Format Version 11.00
# Visual Studio 2010
Project("{E097FAD1-6243-4DAD-9C02-E9B9EFC3FFC1}") = "Assembly-CSharp", "Assembly-CSharp.csproj", "{D10B3ADE-86C9-AAF6-D5D0-6ACF19AA60DA}"
EndProject
Project("{E097FAD1-6243-4DAD-9C02-E9B9EFC3FFC1}") = "Assembly-CSharp-Editor", "Assembly-CSharp-Editor.csproj", "{7D63BE92-328D-2DB4-0E81-B830B5ABFBF4}"
EndProject
Project("{E097FAD1-6243-4DAD-9C02-E9B9EFC3FFC1}") = "Assembly-CSharp-Editor-firstpass", "Assembly-CSharp-Editor-firstpass.csproj", "{E4802755-A989-AAB5-F39D-913C72C71C2C}"
EndProject
Global
	GlobalSection(SolutionConfigurationPlatforms) = preSolution
		Debug|Any CPU = Debug|Any CPU
		Release|Any CPU = Release|Any CPU
	EndGlobalSection
	GlobalSection(ProjectConfigurationPlatforms) = postSolution
		{D10B3ADE-86C9-AAF6-D5D0-6ACF19AA60DA}.Debug|Any CPU.ActiveCfg = Debug|Any CPU
		{D10B3ADE-86C9-AAF6-D5D0-6ACF19AA60DA}.Debug|Any CPU.Build.0 = Debug|Any CPU
		{D10B3ADE-86C9-AAF6-D5D0-6ACF19AA60DA}.Release|Any CPU.ActiveCfg = Release|Any CPU
		{D10B3ADE-86C9-AAF6-D5D0-6ACF19AA60DA}.Release|Any CPU.Build.0 = Release|Any CPU
		{7D63BE92-328D-2DB4-0E81-B830B5ABFBF4}.Debug|Any CPU.ActiveCfg = Debug|Any CPU
		{7D63BE92-328D-2DB4-0E81-B830B5ABFBF4}.Debug|Any CPU.Build.0 = Debug|Any CPU
		{7D63BE92-328D-2DB4-0E81-B830B5ABFBF4}.Release|Any CPU.ActiveCfg = Release|Any CPU
		{7D63BE92-328D-2DB4-0E81-B830B5ABFBF4}.Release|Any CPU.Build.0 = Release|Any CPU
		{E4802755-A989-AAB5-F39D-913C72C71C2C}.Debug|Any CPU.ActiveCfg = Debug|Any CPU
		{E4802755-A989-AAB5-F39D-913C72C71C2C}.Debug|Any CPU.Build.0 = Debug|Any CPU
		{E4802755-A989-AAB5-F39D-913C72C71C2C}.Release|Any CPU.ActiveCfg = Release|Any CPU
		{E4802755-A989-AAB5-F39D-913C72C71C2C}.Release|Any CPU.Build.0 = Release|Any CPU
	EndGlobalSection
	GlobalSection(SolutionProperties) = preSolution
		HideSolutionNode = FALSE
	EndGlobalSection
	GlobalSection(MonoDevelopProperties) = preSolution
		StartupItem = Assembly-CSharp.csproj
	EndGlobalSection
EndGlobal
